// !$*UTF8*$!
{
	archiveVersion = 1;
	classes = {
	};
	objectVersion = 52;
	objects = {

/* Begin PBXBuildFile section */
		5505412B28B3F6AA00D0C99E /* UITableView+Extension.swift in Sources */ = {isa = PBXBuildFile; fileRef = 5505412A28B3F6AA00D0C99E /* UITableView+Extension.swift */; };
		5505412D28B3F6DB00D0C99E /* UICollectionView+Extension.swift in Sources */ = {isa = PBXBuildFile; fileRef = 5505412C28B3F6DB00D0C99E /* UICollectionView+Extension.swift */; };
		550B513F29A2677C00166E45 /* Withable in Frameworks */ = {isa = PBXBuildFile; productRef = 550B513E29A2677C00166E45 /* Withable */; };
		550D06C7281B028C00A80DD4 /* UIViewController+Extensions.swift in Sources */ = {isa = PBXBuildFile; fileRef = 550D06C6281B028C00A80DD4 /* UIViewController+Extensions.swift */; };
		5519525E27B2D47600859D7E /* PushAnimator.swift in Sources */ = {isa = PBXBuildFile; fileRef = 5519525D27B2D47600859D7E /* PushAnimator.swift */; };
		5548028626F0912E0042F1AB /* AppDelegate.swift in Sources */ = {isa = PBXBuildFile; fileRef = 5548028526F0912E0042F1AB /* AppDelegate.swift */; };
		5548028826F0912E0042F1AB /* SceneDelegate.swift in Sources */ = {isa = PBXBuildFile; fileRef = 5548028726F0912E0042F1AB /* SceneDelegate.swift */; };
		5548028A26F0912E0042F1AB /* GalleryViewController.swift in Sources */ = {isa = PBXBuildFile; fileRef = 5548028926F0912E0042F1AB /* GalleryViewController.swift */; };
		5548028F26F091340042F1AB /* Assets.xcassets in Resources */ = {isa = PBXBuildFile; fileRef = 5548028E26F091340042F1AB /* Assets.xcassets */; };
		5548029226F091340042F1AB /* LaunchScreen.storyboard in Resources */ = {isa = PBXBuildFile; fileRef = 5548029026F091340042F1AB /* LaunchScreen.storyboard */; };
		5548029A26F099F40042F1AB /* GalleryCollectionViewCell.swift in Sources */ = {isa = PBXBuildFile; fileRef = 5548029926F099F40042F1AB /* GalleryCollectionViewCell.swift */; };
		5548029C26F09A380042F1AB /* CachableImageView.swift in Sources */ = {isa = PBXBuildFile; fileRef = 5548029B26F09A380042F1AB /* CachableImageView.swift */; };
		5548029E26F0A98D0042F1AB /* ImageDescriptionViewController.swift in Sources */ = {isa = PBXBuildFile; fileRef = 5548029D26F0A98D0042F1AB /* ImageDescriptionViewController.swift */; };
		554802A026F0B4C00042F1AB /* Api.swift in Sources */ = {isa = PBXBuildFile; fileRef = 5548029F26F0B4C00042F1AB /* Api.swift */; };
		554831FB27973290001AEE73 /* SnapKit in Frameworks */ = {isa = PBXBuildFile; productRef = 554831FA27973290001AEE73 /* SnapKit */; };
		555315A529CF36C000CC1123 /* GridCollectionViewLayout.swift in Sources */ = {isa = PBXBuildFile; fileRef = 555315A429CF36C000CC1123 /* GridCollectionViewLayout.swift */; };
		5568A7B729EDCE1700264987 /* AlamofireImage in Frameworks */ = {isa = PBXBuildFile; productRef = 5568A7B629EDCE1700264987 /* AlamofireImage */; };
		556CB797292D55CE00518047 /* ImageScrollView.swift in Sources */ = {isa = PBXBuildFile; fileRef = 556CB796292D55CE00518047 /* ImageScrollView.swift */; };
		557860772853C66E008F64C3 /* TransitionAnimator.swift in Sources */ = {isa = PBXBuildFile; fileRef = 557860762853C66E008F64C3 /* TransitionAnimator.swift */; };
		557860792853C6E7008F64C3 /* TranisionCoordinator.swift in Sources */ = {isa = PBXBuildFile; fileRef = 557860782853C6E7008F64C3 /* TranisionCoordinator.swift */; };
		5578607B2853C9E5008F64C3 /* GalleryViewModel.swift in Sources */ = {isa = PBXBuildFile; fileRef = 5578607A2853C9E5008F64C3 /* GalleryViewModel.swift */; };
		557B67B82855177E0041E57D /* Box.swift in Sources */ = {isa = PBXBuildFile; fileRef = 557B67B72855177E0041E57D /* Box.swift */; };
/* End PBXBuildFile section */

/* Begin PBXFileReference section */
		5505412A28B3F6AA00D0C99E /* UITableView+Extension.swift */ = {isa = PBXFileReference; lastKnownFileType = sourcecode.swift; path = "UITableView+Extension.swift"; sourceTree = "<group>"; };
		5505412C28B3F6DB00D0C99E /* UICollectionView+Extension.swift */ = {isa = PBXFileReference; lastKnownFileType = sourcecode.swift; path = "UICollectionView+Extension.swift"; sourceTree = "<group>"; };
		550D06C6281B028C00A80DD4 /* UIViewController+Extensions.swift */ = {isa = PBXFileReference; lastKnownFileType = sourcecode.swift; path = "UIViewController+Extensions.swift"; sourceTree = "<group>"; };
		5519525D27B2D47600859D7E /* PushAnimator.swift */ = {isa = PBXFileReference; lastKnownFileType = sourcecode.swift; path = PushAnimator.swift; sourceTree = "<group>"; };
		5548028226F0912E0042F1AB /* intersvyazTestTask.app */ = {isa = PBXFileReference; explicitFileType = wrapper.application; includeInIndex = 0; path = intersvyazTestTask.app; sourceTree = BUILT_PRODUCTS_DIR; };
		5548028526F0912E0042F1AB /* AppDelegate.swift */ = {isa = PBXFileReference; lastKnownFileType = sourcecode.swift; path = AppDelegate.swift; sourceTree = "<group>"; };
		5548028726F0912E0042F1AB /* SceneDelegate.swift */ = {isa = PBXFileReference; lastKnownFileType = sourcecode.swift; path = SceneDelegate.swift; sourceTree = "<group>"; };
		5548028926F0912E0042F1AB /* GalleryViewController.swift */ = {isa = PBXFileReference; lastKnownFileType = sourcecode.swift; path = GalleryViewController.swift; sourceTree = "<group>"; };
		5548028E26F091340042F1AB /* Assets.xcassets */ = {isa = PBXFileReference; lastKnownFileType = folder.assetcatalog; path = Assets.xcassets; sourceTree = "<group>"; };
		5548029126F091340042F1AB /* Base */ = {isa = PBXFileReference; lastKnownFileType = file.storyboard; name = Base; path = Base.lproj/LaunchScreen.storyboard; sourceTree = "<group>"; };
		5548029326F091340042F1AB /* Info.plist */ = {isa = PBXFileReference; lastKnownFileType = text.plist.xml; path = Info.plist; sourceTree = "<group>"; };
		5548029926F099F40042F1AB /* GalleryCollectionViewCell.swift */ = {isa = PBXFileReference; lastKnownFileType = sourcecode.swift; path = GalleryCollectionViewCell.swift; sourceTree = "<group>"; };
		5548029B26F09A380042F1AB /* CachableImageView.swift */ = {isa = PBXFileReference; fileEncoding = 4; lastKnownFileType = sourcecode.swift; path = CachableImageView.swift; sourceTree = "<group>"; };
		5548029D26F0A98D0042F1AB /* ImageDescriptionViewController.swift */ = {isa = PBXFileReference; lastKnownFileType = sourcecode.swift; path = ImageDescriptionViewController.swift; sourceTree = "<group>"; };
		5548029F26F0B4C00042F1AB /* Api.swift */ = {isa = PBXFileReference; lastKnownFileType = sourcecode.swift; path = Api.swift; sourceTree = "<group>"; };
		555315A429CF36C000CC1123 /* GridCollectionViewLayout.swift */ = {isa = PBXFileReference; lastKnownFileType = sourcecode.swift; path = GridCollectionViewLayout.swift; sourceTree = "<group>"; };
		556CB796292D55CE00518047 /* ImageScrollView.swift */ = {isa = PBXFileReference; lastKnownFileType = sourcecode.swift; path = ImageScrollView.swift; sourceTree = "<group>"; };
		557860762853C66E008F64C3 /* TransitionAnimator.swift */ = {isa = PBXFileReference; lastKnownFileType = sourcecode.swift; path = TransitionAnimator.swift; sourceTree = "<group>"; };
		557860782853C6E7008F64C3 /* TranisionCoordinator.swift */ = {isa = PBXFileReference; lastKnownFileType = sourcecode.swift; path = TranisionCoordinator.swift; sourceTree = "<group>"; };
		5578607A2853C9E5008F64C3 /* GalleryViewModel.swift */ = {isa = PBXFileReference; lastKnownFileType = sourcecode.swift; path = GalleryViewModel.swift; sourceTree = "<group>"; };
		557B67B72855177E0041E57D /* Box.swift */ = {isa = PBXFileReference; lastKnownFileType = sourcecode.swift; path = Box.swift; sourceTree = "<group>"; };
		557C4D1329B8CBC5008E6008 /* intersvyazTestTask.entitlements */ = {isa = PBXFileReference; lastKnownFileType = text.plist.entitlements; path = intersvyazTestTask.entitlements; sourceTree = "<group>"; };
/* End PBXFileReference section */

/* Begin PBXFrameworksBuildPhase section */
		5548027F26F0912E0042F1AB /* Frameworks */ = {
			isa = PBXFrameworksBuildPhase;
			buildActionMask = 2147483647;
			files = (
				5568A7B729EDCE1700264987 /* AlamofireImage in Frameworks */,
				554831FB27973290001AEE73 /* SnapKit in Frameworks */,
				550B513F29A2677C00166E45 /* Withable in Frameworks */,
			);
			runOnlyForDeploymentPostprocessing = 0;
		};
/* End PBXFrameworksBuildPhase section */

/* Begin PBXGroup section */
		5505412E28B3F8C900D0C99E /* Screens */ = {
			isa = PBXGroup;
			children = (
				5505413928B404B800D0C99E /* Gallery */,
				5505413A28B404C900D0C99E /* ImageDetail */,
			);
			path = Screens;
			sourceTree = "<group>";
		};
		5505412F28B3F8E700D0C99E /* Extensions */ = {
			isa = PBXGroup;
			children = (
				5505412A28B3F6AA00D0C99E /* UITableView+Extension.swift */,
				5505412C28B3F6DB00D0C99E /* UICollectionView+Extension.swift */,
				550D06C6281B028C00A80DD4 /* UIViewController+Extensions.swift */,
			);
			path = Extensions;
			sourceTree = "<group>";
		};
		5505413028B3F90500D0C99E /* MVVM */ = {
			isa = PBXGroup;
			children = (
				557B67B72855177E0041E57D /* Box.swift */,
			);
			path = MVVM;
			sourceTree = "<group>";
		};
		5505413128B3F91100D0C99E /* Api */ = {
			isa = PBXGroup;
			children = (
				5548029F26F0B4C00042F1AB /* Api.swift */,
			);
			path = Api;
			sourceTree = "<group>";
		};
		5505413228B3F91C00D0C99E /* Elements */ = {
			isa = PBXGroup;
			children = (
				5548029B26F09A380042F1AB /* CachableImageView.swift */,
				555315A429CF36C000CC1123 /* GridCollectionViewLayout.swift */,
			);
			path = Elements;
			sourceTree = "<group>";
		};
		5505413928B404B800D0C99E /* Gallery */ = {
			isa = PBXGroup;
			children = (
				5548029926F099F40042F1AB /* GalleryCollectionViewCell.swift */,
				5548028926F0912E0042F1AB /* GalleryViewController.swift */,
				5578607A2853C9E5008F64C3 /* GalleryViewModel.swift */,
			);
			path = Gallery;
			sourceTree = "<group>";
		};
		5505413A28B404C900D0C99E /* ImageDetail */ = {
			isa = PBXGroup;
			children = (
				5548029D26F0A98D0042F1AB /* ImageDescriptionViewController.swift */,
				556CB796292D55CE00518047 /* ImageScrollView.swift */,
			);
			path = ImageDetail;
			sourceTree = "<group>";
		};
		5519525F27B2D47E00859D7E /* Animators */ = {
			isa = PBXGroup;
			children = (
				5519525D27B2D47600859D7E /* PushAnimator.swift */,
				557860762853C66E008F64C3 /* TransitionAnimator.swift */,
				557860782853C6E7008F64C3 /* TranisionCoordinator.swift */,
			);
			path = Animators;
			sourceTree = "<group>";
		};
		5528DB912914307C003D2932 /* Frameworks */ = {
			isa = PBXGroup;
			children = (
			);
			name = Frameworks;
			sourceTree = "<group>";
		};
		5548027926F0912E0042F1AB = {
			isa = PBXGroup;
			children = (
				5548028426F0912E0042F1AB /* intersvyazTestTask */,
				5548028326F0912E0042F1AB /* Products */,
				5528DB912914307C003D2932 /* Frameworks */,
			);
			sourceTree = "<group>";
		};
		5548028326F0912E0042F1AB /* Products */ = {
			isa = PBXGroup;
			children = (
				5548028226F0912E0042F1AB /* intersvyazTestTask.app */,
			);
			name = Products;
			sourceTree = "<group>";
		};
		5548028426F0912E0042F1AB /* intersvyazTestTask */ = {
			isa = PBXGroup;
			children = (
				557C4D1329B8CBC5008E6008 /* intersvyazTestTask.entitlements */,
				5548028526F0912E0042F1AB /* AppDelegate.swift */,
				5548028726F0912E0042F1AB /* SceneDelegate.swift */,
				5505413228B3F91C00D0C99E /* Elements */,
				5505413028B3F90500D0C99E /* MVVM */,
				5505412F28B3F8E700D0C99E /* Extensions */,
				5505412E28B3F8C900D0C99E /* Screens */,
				5519525F27B2D47E00859D7E /* Animators */,
				5505413128B3F91100D0C99E /* Api */,
				5548028E26F091340042F1AB /* Assets.xcassets */,
				5548029026F091340042F1AB /* LaunchScreen.storyboard */,
				5548029326F091340042F1AB /* Info.plist */,
			);
			path = intersvyazTestTask;
			sourceTree = "<group>";
		};
/* End PBXGroup section */

/* Begin PBXNativeTarget section */
		5548028126F0912E0042F1AB /* intersvyazTestTask */ = {
			isa = PBXNativeTarget;
			buildConfigurationList = 5548029626F091340042F1AB /* Build configuration list for PBXNativeTarget "intersvyazTestTask" */;
			buildPhases = (
				5548027E26F0912E0042F1AB /* Sources */,
				5548027F26F0912E0042F1AB /* Frameworks */,
				5548028026F0912E0042F1AB /* Resources */,
			);
			buildRules = (
			);
			dependencies = (
			);
			name = intersvyazTestTask;
			packageProductDependencies = (
				554831FA27973290001AEE73 /* SnapKit */,
				550B513E29A2677C00166E45 /* Withable */,
				5568A7B629EDCE1700264987 /* AlamofireImage */,
			);
			productName = intersvyazTestTask;
			productReference = 5548028226F0912E0042F1AB /* intersvyazTestTask.app */;
			productType = "com.apple.product-type.application";
		};
/* End PBXNativeTarget section */

/* Begin PBXProject section */
		5548027A26F0912E0042F1AB /* Project object */ = {
			isa = PBXProject;
			attributes = {
				LastSwiftUpdateCheck = 1250;
				LastUpgradeCheck = 1250;
				TargetAttributes = {
					5548028126F0912E0042F1AB = {
						CreatedOnToolsVersion = 12.5.1;
					};
				};
			};
			buildConfigurationList = 5548027D26F0912E0042F1AB /* Build configuration list for PBXProject "intersvyazTestTask" */;
			compatibilityVersion = "Xcode 9.3";
			developmentRegion = en;
			hasScannedForEncodings = 0;
			knownRegions = (
				en,
				Base,
			);
			mainGroup = 5548027926F0912E0042F1AB;
			packageReferences = (
				554831F927973290001AEE73 /* XCRemoteSwiftPackageReference "SnapKit" */,
				550B513D29A2677C00166E45 /* XCRemoteSwiftPackageReference "iOS.Package.Withable" */,
				5568A7B529EDCE1700264987 /* XCRemoteSwiftPackageReference "AlamofireImage" */,
			);
			productRefGroup = 5548028326F0912E0042F1AB /* Products */;
			projectDirPath = "";
			projectRoot = "";
			targets = (
				5548028126F0912E0042F1AB /* intersvyazTestTask */,
			);
		};
/* End PBXProject section */

/* Begin PBXResourcesBuildPhase section */
		5548028026F0912E0042F1AB /* Resources */ = {
			isa = PBXResourcesBuildPhase;
			buildActionMask = 2147483647;
			files = (
				5548029226F091340042F1AB /* LaunchScreen.storyboard in Resources */,
				5548028F26F091340042F1AB /* Assets.xcassets in Resources */,
			);
			runOnlyForDeploymentPostprocessing = 0;
		};
/* End PBXResourcesBuildPhase section */

/* Begin PBXSourcesBuildPhase section */
		5548027E26F0912E0042F1AB /* Sources */ = {
			isa = PBXSourcesBuildPhase;
			buildActionMask = 2147483647;
			files = (
				5505412D28B3F6DB00D0C99E /* UICollectionView+Extension.swift in Sources */,
				5548028A26F0912E0042F1AB /* GalleryViewController.swift in Sources */,
				556CB797292D55CE00518047 /* ImageScrollView.swift in Sources */,
				557B67B82855177E0041E57D /* Box.swift in Sources */,
				5505412B28B3F6AA00D0C99E /* UITableView+Extension.swift in Sources */,
				5548029A26F099F40042F1AB /* GalleryCollectionViewCell.swift in Sources */,
				5548028626F0912E0042F1AB /* AppDelegate.swift in Sources */,
				5548029E26F0A98D0042F1AB /* ImageDescriptionViewController.swift in Sources */,
				550D06C7281B028C00A80DD4 /* UIViewController+Extensions.swift in Sources */,
				5548028826F0912E0042F1AB /* SceneDelegate.swift in Sources */,
				557860772853C66E008F64C3 /* TransitionAnimator.swift in Sources */,
				5578607B2853C9E5008F64C3 /* GalleryViewModel.swift in Sources */,
				557860792853C6E7008F64C3 /* TranisionCoordinator.swift in Sources */,
				554802A026F0B4C00042F1AB /* Api.swift in Sources */,
				555315A529CF36C000CC1123 /* GridCollectionViewLayout.swift in Sources */,
				5519525E27B2D47600859D7E /* PushAnimator.swift in Sources */,
				5548029C26F09A380042F1AB /* CachableImageView.swift in Sources */,
			);
			runOnlyForDeploymentPostprocessing = 0;
		};
/* End PBXSourcesBuildPhase section */

/* Begin PBXVariantGroup section */
		5548029026F091340042F1AB /* LaunchScreen.storyboard */ = {
			isa = PBXVariantGroup;
			children = (
				5548029126F091340042F1AB /* Base */,
			);
			name = LaunchScreen.storyboard;
			sourceTree = "<group>";
		};
/* End PBXVariantGroup section */

/* Begin XCBuildConfiguration section */
		5548029426F091340042F1AB /* Debug */ = {
			isa = XCBuildConfiguration;
			buildSettings = {
				ALWAYS_SEARCH_USER_PATHS = NO;
				CLANG_ANALYZER_NONNULL = YES;
				CLANG_ANALYZER_NUMBER_OBJECT_CONVERSION = YES_AGGRESSIVE;
				CLANG_CXX_LANGUAGE_STANDARD = "gnu++14";
				CLANG_CXX_LIBRARY = "libc++";
				CLANG_ENABLE_MODULES = YES;
				CLANG_ENABLE_OBJC_ARC = YES;
				CLANG_ENABLE_OBJC_WEAK = YES;
				CLANG_WARN_BLOCK_CAPTURE_AUTORELEASING = YES;
				CLANG_WARN_BOOL_CONVERSION = YES;
				CLANG_WARN_COMMA = YES;
				CLANG_WARN_CONSTANT_CONVERSION = YES;
				CLANG_WARN_DEPRECATED_OBJC_IMPLEMENTATIONS = YES;
				CLANG_WARN_DIRECT_OBJC_ISA_USAGE = YES_ERROR;
				CLANG_WARN_DOCUMENTATION_COMMENTS = YES;
				CLANG_WARN_EMPTY_BODY = YES;
				CLANG_WARN_ENUM_CONVERSION = YES;
				CLANG_WARN_INFINITE_RECURSION = YES;
				CLANG_WARN_INT_CONVERSION = YES;
				CLANG_WARN_NON_LITERAL_NULL_CONVERSION = YES;
				CLANG_WARN_OBJC_IMPLICIT_RETAIN_SELF = YES;
				CLANG_WARN_OBJC_LITERAL_CONVERSION = YES;
				CLANG_WARN_OBJC_ROOT_CLASS = YES_ERROR;
				CLANG_WARN_QUOTED_INCLUDE_IN_FRAMEWORK_HEADER = YES;
				CLANG_WARN_RANGE_LOOP_ANALYSIS = YES;
				CLANG_WARN_STRICT_PROTOTYPES = YES;
				CLANG_WARN_SUSPICIOUS_MOVE = YES;
				CLANG_WARN_UNGUARDED_AVAILABILITY = YES_AGGRESSIVE;
				CLANG_WARN_UNREACHABLE_CODE = YES;
				CLANG_WARN__DUPLICATE_METHOD_MATCH = YES;
				COPY_PHASE_STRIP = NO;
				DEBUG_INFORMATION_FORMAT = dwarf;
				ENABLE_STRICT_OBJC_MSGSEND = YES;
				ENABLE_TESTABILITY = YES;
				GCC_C_LANGUAGE_STANDARD = gnu11;
				GCC_DYNAMIC_NO_PIC = NO;
				GCC_NO_COMMON_BLOCKS = YES;
				GCC_OPTIMIZATION_LEVEL = 0;
				GCC_PREPROCESSOR_DEFINITIONS = (
					"DEBUG=1",
					"$(inherited)",
				);
				GCC_WARN_64_TO_32_BIT_CONVERSION = YES;
				GCC_WARN_ABOUT_RETURN_TYPE = YES_ERROR;
				GCC_WARN_UNDECLARED_SELECTOR = YES;
				GCC_WARN_UNINITIALIZED_AUTOS = YES_AGGRESSIVE;
				GCC_WARN_UNUSED_FUNCTION = YES;
				GCC_WARN_UNUSED_VARIABLE = YES;
				IPHONEOS_DEPLOYMENT_TARGET = 14.5;
				MTL_ENABLE_DEBUG_INFO = INCLUDE_SOURCE;
				MTL_FAST_MATH = YES;
				ONLY_ACTIVE_ARCH = YES;
				SDKROOT = iphoneos;
				SWIFT_ACTIVE_COMPILATION_CONDITIONS = DEBUG;
				SWIFT_OPTIMIZATION_LEVEL = "-Onone";
				SWIFT_VERSION = "";
			};
			name = Debug;
		};
		5548029526F091340042F1AB /* Release */ = {
			isa = XCBuildConfiguration;
			buildSettings = {
				ALWAYS_SEARCH_USER_PATHS = NO;
				CLANG_ANALYZER_NONNULL = YES;
				CLANG_ANALYZER_NUMBER_OBJECT_CONVERSION = YES_AGGRESSIVE;
				CLANG_CXX_LANGUAGE_STANDARD = "gnu++14";
				CLANG_CXX_LIBRARY = "libc++";
				CLANG_ENABLE_MODULES = YES;
				CLANG_ENABLE_OBJC_ARC = YES;
				CLANG_ENABLE_OBJC_WEAK = YES;
				CLANG_WARN_BLOCK_CAPTURE_AUTORELEASING = YES;
				CLANG_WARN_BOOL_CONVERSION = YES;
				CLANG_WARN_COMMA = YES;
				CLANG_WARN_CONSTANT_CONVERSION = YES;
				CLANG_WARN_DEPRECATED_OBJC_IMPLEMENTATIONS = YES;
				CLANG_WARN_DIRECT_OBJC_ISA_USAGE = YES_ERROR;
				CLANG_WARN_DOCUMENTATION_COMMENTS = YES;
				CLANG_WARN_EMPTY_BODY = YES;
				CLANG_WARN_ENUM_CONVERSION = YES;
				CLANG_WARN_INFINITE_RECURSION = YES;
				CLANG_WARN_INT_CONVERSION = YES;
				CLANG_WARN_NON_LITERAL_NULL_CONVERSION = YES;
				CLANG_WARN_OBJC_IMPLICIT_RETAIN_SELF = YES;
				CLANG_WARN_OBJC_LITERAL_CONVERSION = YES;
				CLANG_WARN_OBJC_ROOT_CLASS = YES_ERROR;
				CLANG_WARN_QUOTED_INCLUDE_IN_FRAMEWORK_HEADER = YES;
				CLANG_WARN_RANGE_LOOP_ANALYSIS = YES;
				CLANG_WARN_STRICT_PROTOTYPES = YES;
				CLANG_WARN_SUSPICIOUS_MOVE = YES;
				CLANG_WARN_UNGUARDED_AVAILABILITY = YES_AGGRESSIVE;
				CLANG_WARN_UNREACHABLE_CODE = YES;
				CLANG_WARN__DUPLICATE_METHOD_MATCH = YES;
				COPY_PHASE_STRIP = NO;
				DEBUG_INFORMATION_FORMAT = "dwarf-with-dsym";
				ENABLE_NS_ASSERTIONS = NO;
				ENABLE_STRICT_OBJC_MSGSEND = YES;
				GCC_C_LANGUAGE_STANDARD = gnu11;
				GCC_NO_COMMON_BLOCKS = YES;
				GCC_WARN_64_TO_32_BIT_CONVERSION = YES;
				GCC_WARN_ABOUT_RETURN_TYPE = YES_ERROR;
				GCC_WARN_UNDECLARED_SELECTOR = YES;
				GCC_WARN_UNINITIALIZED_AUTOS = YES_AGGRESSIVE;
				GCC_WARN_UNUSED_FUNCTION = YES;
				GCC_WARN_UNUSED_VARIABLE = YES;
				IPHONEOS_DEPLOYMENT_TARGET = 14.5;
				MTL_ENABLE_DEBUG_INFO = NO;
				MTL_FAST_MATH = YES;
				SDKROOT = iphoneos;
				SWIFT_COMPILATION_MODE = wholemodule;
				SWIFT_OPTIMIZATION_LEVEL = "-O";
				SWIFT_VERSION = "";
				VALIDATE_PRODUCT = YES;
			};
			name = Release;
		};
		5548029726F091340042F1AB /* Debug */ = {
			isa = XCBuildConfiguration;
			buildSettings = {
				ASSETCATALOG_COMPILER_APPICON_NAME = AppIcon;
				ASSETCATALOG_COMPILER_GLOBAL_ACCENT_COLOR_NAME = AccentColor;
				CODE_SIGN_ENTITLEMENTS = intersvyazTestTask/intersvyazTestTask.entitlements;
				CODE_SIGN_STYLE = Automatic;
				DEVELOPMENT_TEAM = 4UMEGXJ3YS;
				INFOPLIST_FILE = intersvyazTestTask/Info.plist;
				LD_RUNPATH_SEARCH_PATHS = (
					"$(inherited)",
					"@executable_path/Frameworks",
				);
				PRODUCT_BUNDLE_IDENTIFIER = com.intersvyazTestTask;
				PRODUCT_NAME = "$(TARGET_NAME)";
				SUPPORTED_PLATFORMS = "iphoneos iphonesimulator";
				SUPPORTS_MACCATALYST = YES;
				SUPPORTS_MAC_DESIGNED_FOR_IPHONE_IPAD = YES;
				SWIFT_VERSION = 5.0;
				TARGETED_DEVICE_FAMILY = "1,2";
			};
			name = Debug;
		};
		5548029826F091340042F1AB /* Release */ = {
			isa = XCBuildConfiguration;
			buildSettings = {
				ASSETCATALOG_COMPILER_APPICON_NAME = AppIcon;
				ASSETCATALOG_COMPILER_GLOBAL_ACCENT_COLOR_NAME = AccentColor;
				CODE_SIGN_ENTITLEMENTS = intersvyazTestTask/intersvyazTestTask.entitlements;
				CODE_SIGN_STYLE = Automatic;
				DEVELOPMENT_TEAM = 4UMEGXJ3YS;
				INFOPLIST_FILE = intersvyazTestTask/Info.plist;
				LD_RUNPATH_SEARCH_PATHS = (
					"$(inherited)",
					"@executable_path/Frameworks",
				);
				PRODUCT_BUNDLE_IDENTIFIER = com.intersvyazTestTask;
				PRODUCT_NAME = "$(TARGET_NAME)";
				SUPPORTED_PLATFORMS = "iphoneos iphonesimulator";
				SUPPORTS_MACCATALYST = YES;
				SUPPORTS_MAC_DESIGNED_FOR_IPHONE_IPAD = YES;
				SWIFT_VERSION = 5.0;
				TARGETED_DEVICE_FAMILY = "1,2";
			};
			name = Release;
		};
/* End XCBuildConfiguration section */

/* Begin XCConfigurationList section */
		5548027D26F0912E0042F1AB /* Build configuration list for PBXProject "intersvyazTestTask" */ = {
			isa = XCConfigurationList;
			buildConfigurations = (
				5548029426F091340042F1AB /* Debug */,
				5548029526F091340042F1AB /* Release */,
			);
			defaultConfigurationIsVisible = 0;
			defaultConfigurationName = Release;
		};
		5548029626F091340042F1AB /* Build configuration list for PBXNativeTarget "intersvyazTestTask" */ = {
			isa = XCConfigurationList;
			buildConfigurations = (
				5548029726F091340042F1AB /* Debug */,
				5548029826F091340042F1AB /* Release */,
			);
			defaultConfigurationIsVisible = 0;
			defaultConfigurationName = Release;
		};
/* End XCConfigurationList section */

/* Begin XCRemoteSwiftPackageReference section */
		550B513D29A2677C00166E45 /* XCRemoteSwiftPackageReference "iOS.Package.Withable" */ = {
			isa = XCRemoteSwiftPackageReference;
			repositoryURL = "https://github.com/Geri-Borbas/iOS.Package.Withable.git";
			requirement = {
				branch = main;
				kind = branch;
			};
		};
		554831F927973290001AEE73 /* XCRemoteSwiftPackageReference "SnapKit" */ = {
			isa = XCRemoteSwiftPackageReference;
			repositoryURL = "https://github.com/SnapKit/SnapKit.git";
			requirement = {
				kind = upToNextMajorVersion;
				minimumVersion = 5.0.1;
			};
		};
		5568A7B529EDCE1700264987 /* XCRemoteSwiftPackageReference "AlamofireImage" */ = {
			isa = XCRemoteSwiftPackageReference;
			repositoryURL = "https://github.com/Alamofire/AlamofireImage.git";
			requirement = {
				kind = upToNextMajorVersion;
				minimumVersion = 4.0.0;
			};
		};
/* End XCRemoteSwiftPackageReference section */

/* Begin XCSwiftPackageProductDependency section */
		550B513E29A2677C00166E45 /* Withable */ = {
			isa = XCSwiftPackageProductDependency;
			package = 550B513D29A2677C00166E45 /* XCRemoteSwiftPackageReference "iOS.Package.Withable" */;
			productName = Withable;
		};
		554831FA27973290001AEE73 /* SnapKit */ = {
			isa = XCSwiftPackageProductDependency;
			package = 554831F927973290001AEE73 /* XCRemoteSwiftPackageReference "SnapKit" */;
			productName = SnapKit;
		};
		5568A7B629EDCE1700264987 /* AlamofireImage */ = {
			isa = XCSwiftPackageProductDependency;
			package = 5568A7B529EDCE1700264987 /* XCRemoteSwiftPackageReference "AlamofireImage" */;
			productName = AlamofireImage;
		};
/* End XCSwiftPackageProductDependency section */
	};
	rootObject = 5548027A26F0912E0042F1AB /* Project object */;
}
